
Microsoft Visual Studio Solution File, Format Version 12.00
# Visual Studio Version 16
VisualStudioVersion = 16.0.30114.105
MinimumVisualStudioVersion = 10.0.40219.1
Project("{2150E333-8FDC-42A3-9474-1A3956D46DE8}") = "src", "src", "{7091A9AC-EBA6-4F47-83B7-705BB22D18BA}"
EndProject
Project("{F2A71F9B-5D33-465A-A702-920D77279786}") = "GoTrue", "src\GoTrue\GoTrue.fsproj", "{10B70A16-FDF4-4888-B7F9-2689C85D11B2}"
EndProject
Project("{F2A71F9B-5D33-465A-A702-920D77279786}") = "GoTrueExample", "src\GoTrueExample\GoTrueExample.fsproj", "{296CCA2E-93A6-4A5F-A102-45BFB6363333}"
EndProject
Global
	GlobalSection(SolutionConfigurationPlatforms) = preSolution
		Debug|Any CPU = Debug|Any CPU
		Release|Any CPU = Release|Any CPU
	EndGlobalSection
	GlobalSection(SolutionProperties) = preSolution
		HideSolutionNode = FALSE
	EndGlobalSection
	GlobalSection(ProjectConfigurationPlatforms) = postSolution
		{10B70A16-FDF4-4888-B7F9-2689C85D11B2}.Debug|Any CPU.ActiveCfg = Debug|Any CPU
		{10B70A16-FDF4-4888-B7F9-2689C85D11B2}.Debug|Any CPU.Build.0 = Debug|Any CPU
		{10B70A16-FDF4-4888-B7F9-2689C85D11B2}.Release|Any CPU.ActiveCfg = Release|Any CPU
		{10B70A16-FDF4-4888-B7F9-2689C85D11B2}.Release|Any CPU.Build.0 = Release|Any CPU
		{296CCA2E-93A6-4A5F-A102-45BFB6363333}.Debug|Any CPU.ActiveCfg = Debug|Any CPU
		{296CCA2E-93A6-4A5F-A102-45BFB6363333}.Debug|Any CPU.Build.0 = Debug|Any CPU
		{296CCA2E-93A6-4A5F-A102-45BFB6363333}.Release|Any CPU.ActiveCfg = Release|Any CPU
		{296CCA2E-93A6-4A5F-A102-45BFB6363333}.Release|Any CPU.Build.0 = Release|Any CPU
	EndGlobalSection
	GlobalSection(NestedProjects) = preSolution
		{10B70A16-FDF4-4888-B7F9-2689C85D11B2} = {7091A9AC-EBA6-4F47-83B7-705BB22D18BA}
		{296CCA2E-93A6-4A5F-A102-45BFB6363333} = {7091A9AC-EBA6-4F47-83B7-705BB22D18BA}
	EndGlobalSection
EndGlobal
